github.com/tdeslauriers/carapace v0.0.8 h1:xSCEXfC3iDwJLBwo3qEFZ1jD+f0lmaNi7KAEuUugTW4=
github.com/tdeslauriers/carapace v0.0.8/go.mod h1:NjEDOeWBdQm7WBjpnixemXyav+lho9aSTLGixvGphDk=
github.com/tdeslauriers/carapace v0.0.9 h1:sXHCDCagxH0mLNIXw5amjavt0yM5GpRxYBB9TSXEOIc=
github.com/tdeslauriers/carapace v0.0.9/go.mod h1:VVDLf+4HRejMQ8lbJXAQ+tF85frpP7u3JM4gvt/Bmyw=
